<?xml version="1.0" encoding="utf-8"?>
<Project ToolsVersion="4.0" xmlns="http://schemas.microsoft.com/developer/msbuild/2003">
  <ItemGroup>
    <Filter Include="seminar5">
      <UniqueIdentifier>{bcb8a81f-f02d-4013-9f41-1f327103eb64}</UniqueIdentifier>
    </Filter>
    <Filter Include="seminar5\flatbuffers">
      <UniqueIdentifier>{c779e108-8233-4f5e-a9c7-221545e871e6}</UniqueIdentifier>
    </Filter>
    <Filter Include="seminar5\Network">
      <UniqueIdentifier>{b0713773-d59e-4a4b-bda8-9e071d37bfe9}</UniqueIdentifier>
    </Filter>
    <Filter Include="seminar5\Socket">
      <UniqueIdentifier>{e6df4dae-04e6-4765-ad07-90485f705d40}</UniqueIdentifier>
    </Filter>
    <Filter Include="seminar5\data">
      <UniqueIdentifier>{348e8c66-6613-4817-bbea-cb61c386e407}</UniqueIdentifier>
    </Filter>
  </ItemGroup>
  <ItemGroup>
    <ClCompile Include="seminar5\main.cpp">
      <Filter>seminar5</Filter>
    </ClCompile>
    <ClCompile Include="seminar5\Network\NetworkManagerClient.cpp">
      <Filter>seminar5\Network</Filter>
    </ClCompile>
    <ClCompile Include="seminar5\Network\NetworkManagerServer.cpp">
      <Filter>seminar5\Network</Filter>
    </ClCompile>
    <ClCompile Include="seminar5\Network\PacketFactory.cpp">
      <Filter>seminar5\Network</Filter>
    </ClCompile>
    <ClCompile Include="seminar5\Socket\SocketAddress.cpp">
      <Filter>seminar5\Socket</Filter>
    </ClCompile>
    <ClCompile Include="seminar5\Socket\SocketUtil.cpp">
      <Filter>seminar5\Socket</Filter>
    </ClCompile>
    <ClCompile Include="seminar5\Socket\TCPSocket.cpp">
      <Filter>seminar5\Socket</Filter>
    </ClCompile>
    <ClCompile Include="seminar5\Socket\UDPSocket.cpp">
      <Filter>seminar5\Socket</Filter>
    </ClCompile>
    <ClCompile Include="seminar5\Network\NetworkManager.cpp">
      <Filter>seminar5\Network</Filter>
    </ClCompile>
  </ItemGroup>
  <ItemGroup>
    <ClInclude Include="seminar5\flatbuffers\GamePacket.hpp">
      <Filter>seminar5\flatbuffers</Filter>
    </ClInclude>
    <ClInclude Include="seminar5\Network\NetworkManagerClient.h">
      <Filter>seminar5\Network</Filter>
    </ClInclude>
    <ClInclude Include="seminar5\Network\NetworkManagerServer.h">
      <Filter>seminar5\Network</Filter>
    </ClInclude>
    <ClInclude Include="seminar5\Network\PacketFactory.h">
      <Filter>seminar5\Network</Filter>
    </ClInclude>
    <ClInclude Include="seminar5\Socket\SocketAddress.h">
      <Filter>seminar5\Socket</Filter>
    </ClInclude>
    <ClInclude Include="seminar5\Socket\SocketUtil.h">
      <Filter>seminar5\Socket</Filter>
    </ClInclude>
    <ClInclude Include="seminar5\Socket\TCPSocket.h">
      <Filter>seminar5\Socket</Filter>
    </ClInclude>
    <ClInclude Include="seminar5\Socket\UDPSocket.h">
      <Filter>seminar5\Socket</Filter>
    </ClInclude>
    <ClInclude Include="seminar5\Network\NetworkManager.h">
      <Filter>seminar5\Network</Filter>
    </ClInclude>
  </ItemGroup>
  <ItemGroup>
    <None Include="seminar5\flatbuffers\resources\AppointedData.fbs">
      <Filter>seminar5\data</Filter>
    </None>
    <None Include="seminar5\flatbuffers\resources\DisconnectedData.fbs">
      <Filter>seminar5\data</Filter>
    </None>
    <None Include="seminar5\flatbuffers\resources\MessageData.fbs">
      <Filter>seminar5\data</Filter>
    </None>
    <None Include="seminar5\flatbuffers\resources\UserData.fbs">
      <Filter>seminar5\data</Filter>
    </None>
    <None Include="seminar5\flatbuffers\resources\JoinedData.fbs">
      <Filter>seminar5\data</Filter>
    </None>
  </ItemGroup>
</Project>